{
  "version": 4,
  "terraform_version": "1.11.2",
  "serial": 3,
  "lineage": "4d9a3633-524d-5c0c-4c11-a6bc417655b7",
  "outputs": {},
  "resources": [
    {
      "mode": "managed",
      "type": "aws_ecs_cluster",
      "name": "my_cluster",
      "provider": "provider[\"registry.terraform.io/hashicorp/aws\"]",
      "instances": [
        {
          "schema_version": 0,
          "attributes": {
            "arn": "arn:aws:ecs:us-east-1:246651824707:cluster/myapp-cluster",
            "configuration": [],
            "id": "arn:aws:ecs:us-east-1:246651824707:cluster/myapp-cluster",
            "name": "myapp-cluster",
            "service_connect_defaults": [],
            "setting": [
              {
                "name": "containerInsights",
                "value": "disabled"
              }
            ],
            "tags": null,
            "tags_all": {}
          },
          "sensitive_attributes": [],
          "private": "bnVsbA=="
        }
      ]
    }
  ],
  "check_results": null
}
